
Microsoft Visual Studio Solution File, Format Version 12.00
# Visual Studio Version 16
VisualStudioVersion = 16.0.31019.194
MinimumVisualStudioVersion = 10.0.40219.1
Project("{FAE04EC0-301F-11D3-BF4B-00C04F79EFBC}") = "WebAdvert.AdvertApi", "WebAdvert.AdvertApi.csproj", "{94B92996-829C-430C-AE43-E3714C6E0474}"
EndProject
Project("{FAE04EC0-301F-11D3-BF4B-00C04F79EFBC}") = "WebAdvert.AdvertApi.Models", "..\WebAdvert.AdvertApi.Models\WebAdvert.AdvertApi.Models.csproj", "{F7C68B77-2725-44F5-A448-9F5155A29ADE}"
EndProject
Global
	GlobalSection(SolutionConfigurationPlatforms) = preSolution
		Debug|Any CPU = Debug|Any CPU
		Release|Any CPU = Release|Any CPU
	EndGlobalSection
	GlobalSection(ProjectConfigurationPlatforms) = postSolution
		{94B92996-829C-430C-AE43-E3714C6E0474}.Debug|Any CPU.ActiveCfg = Debug|Any CPU
		{94B92996-829C-430C-AE43-E3714C6E0474}.Debug|Any CPU.Build.0 = Debug|Any CPU
		{94B92996-829C-430C-AE43-E3714C6E0474}.Release|Any CPU.ActiveCfg = Release|Any CPU
		{94B92996-829C-430C-AE43-E3714C6E0474}.Release|Any CPU.Build.0 = Release|Any CPU
		{F7C68B77-2725-44F5-A448-9F5155A29ADE}.Debug|Any CPU.ActiveCfg = Debug|Any CPU
		{F7C68B77-2725-44F5-A448-9F5155A29ADE}.Debug|Any CPU.Build.0 = Debug|Any CPU
		{F7C68B77-2725-44F5-A448-9F5155A29ADE}.Release|Any CPU.ActiveCfg = Release|Any CPU
		{F7C68B77-2725-44F5-A448-9F5155A29ADE}.Release|Any CPU.Build.0 = Release|Any CPU
	EndGlobalSection
	GlobalSection(SolutionProperties) = preSolution
		HideSolutionNode = FALSE
	EndGlobalSection
	GlobalSection(ExtensibilityGlobals) = postSolution
		SolutionGuid = {3E7A7ED1-806F-4FA3-80E0-A5CB1F9D3D21}
	EndGlobalSection
EndGlobal
